// !$*UTF8*$!
{
	archiveVersion = 1;
	classes = {
	};
	objectVersion = 48;
	objects = {

/* Begin PBXBuildFile section */
		A30ABBB4200781320014F12B /* Card.swift in Sources */ = {isa = PBXBuildFile; fileRef = A30ABBB3200781320014F12B /* Card.swift */; };
		A30ABBB62007820A0014F12B /* PexesoEngine.swift in Sources */ = {isa = PBXBuildFile; fileRef = A30ABBB52007820A0014F12B /* PexesoEngine.swift */; };
		A321EEFC2015458F00CDB1A9 /* Score.swift in Sources */ = {isa = PBXBuildFile; fileRef = A321EEFB2015458F00CDB1A9 /* Score.swift */; };
		A333E26620056FC500E0898E /* AppDelegate.swift in Sources */ = {isa = PBXBuildFile; fileRef = A333E26520056FC500E0898E /* AppDelegate.swift */; };
		A333E26B20056FC500E0898E /* Main.storyboard in Resources */ = {isa = PBXBuildFile; fileRef = A333E26920056FC500E0898E /* Main.storyboard */; };
		A333E26D20056FC500E0898E /* Assets.xcassets in Resources */ = {isa = PBXBuildFile; fileRef = A333E26C20056FC500E0898E /* Assets.xcassets */; };
		A333E27020056FC500E0898E /* LaunchScreen.storyboard in Resources */ = {isa = PBXBuildFile; fileRef = A333E26E20056FC500E0898E /* LaunchScreen.storyboard */; };
		A333E27820057B4F00E0898E /* DifficultyVC.swift in Sources */ = {isa = PBXBuildFile; fileRef = A333E27720057B4F00E0898E /* DifficultyVC.swift */; };
		A3421D502012A57B0073A16D /* UIViewAnimations.swift in Sources */ = {isa = PBXBuildFile; fileRef = A3421D4F2012A57B0073A16D /* UIViewAnimations.swift */; };
		A3697624201B1B59006CB6C3 /* UILabelWithTimer.swift in Sources */ = {isa = PBXBuildFile; fileRef = A3697623201B1B59006CB6C3 /* UILabelWithTimer.swift */; };
		A3826A0F2023466100879E2C /* Pexeso.xcdatamodeld in Sources */ = {isa = PBXBuildFile; fileRef = A3826A0D2023466100879E2C /* Pexeso.xcdatamodeld */; };
		A3826A112023498200879E2C /* UserMO.swift in Sources */ = {isa = PBXBuildFile; fileRef = A3826A102023498200879E2C /* UserMO.swift */; };
		A3826A14202349CA00879E2C /* UserService.swift in Sources */ = {isa = PBXBuildFile; fileRef = A3826A13202349CA00879E2C /* UserService.swift */; };
		A3BF9BF6201E906800B5DF48 /* CardSizeCalculator.swift in Sources */ = {isa = PBXBuildFile; fileRef = A3BF9BF5201E906800B5DF48 /* CardSizeCalculator.swift */; };
		A3EAFD7220207A3400A5C819 /* Settings.bundle in Resources */ = {isa = PBXBuildFile; fileRef = A3EAFD7120207A3400A5C819 /* Settings.bundle */; };
		A3ECAD2B200BF5D5003DD911 /* CardCollectionViewCell.swift in Sources */ = {isa = PBXBuildFile; fileRef = A3ECAD2A200BF5D5003DD911 /* CardCollectionViewCell.swift */; };
		A3ED3111201A16A400CDE7AF /* HighScoresVC.swift in Sources */ = {isa = PBXBuildFile; fileRef = A3ED3110201A16A400CDE7AF /* HighScoresVC.swift */; };
		A3F86CE7200F5CEB007A496F /* GameVC.swift in Sources */ = {isa = PBXBuildFile; fileRef = A3F86CE6200F5CEB007A496F /* GameVC.swift */; };
		A3F86CE9200F5DE9007A496F /* CardCollectionView.swift in Sources */ = {isa = PBXBuildFile; fileRef = A3F86CE8200F5DE9007A496F /* CardCollectionView.swift */; };
		A3FB8FC4201F5C340080C6D6 /* Theme.swift in Sources */ = {isa = PBXBuildFile; fileRef = A3FB8FC3201F5C340080C6D6 /* Theme.swift */; };
/* End PBXBuildFile section */

/* Begin PBXFileReference section */
		A30ABBB3200781320014F12B /* Card.swift */ = {isa = PBXFileReference; lastKnownFileType = sourcecode.swift; path = Card.swift; sourceTree = "<group>"; };
		A30ABBB52007820A0014F12B /* PexesoEngine.swift */ = {isa = PBXFileReference; lastKnownFileType = sourcecode.swift; path = PexesoEngine.swift; sourceTree = "<group>"; };
		A321EEFB2015458F00CDB1A9 /* Score.swift */ = {isa = PBXFileReference; lastKnownFileType = sourcecode.swift; path = Score.swift; sourceTree = "<group>"; };
		A333E26220056FC500E0898E /* Pexeso.app */ = {isa = PBXFileReference; explicitFileType = wrapper.application; includeInIndex = 0; path = Pexeso.app; sourceTree = BUILT_PRODUCTS_DIR; };
		A333E26520056FC500E0898E /* AppDelegate.swift */ = {isa = PBXFileReference; lastKnownFileType = sourcecode.swift; path = AppDelegate.swift; sourceTree = "<group>"; };
		A333E26A20056FC500E0898E /* Base */ = {isa = PBXFileReference; lastKnownFileType = file.storyboard; name = Base; path = Base.lproj/Main.storyboard; sourceTree = "<group>"; };
		A333E26C20056FC500E0898E /* Assets.xcassets */ = {isa = PBXFileReference; lastKnownFileType = folder.assetcatalog; path = Assets.xcassets; sourceTree = "<group>"; };
		A333E26F20056FC500E0898E /* Base */ = {isa = PBXFileReference; lastKnownFileType = file.storyboard; name = Base; path = Base.lproj/LaunchScreen.storyboard; sourceTree = "<group>"; };
		A333E27120056FC500E0898E /* Info.plist */ = {isa = PBXFileReference; lastKnownFileType = text.plist.xml; path = Info.plist; sourceTree = "<group>"; };
		A333E27720057B4F00E0898E /* DifficultyVC.swift */ = {isa = PBXFileReference; lastKnownFileType = sourcecode.swift; path = DifficultyVC.swift; sourceTree = "<group>"; };
		A3421D4F2012A57B0073A16D /* UIViewAnimations.swift */ = {isa = PBXFileReference; lastKnownFileType = sourcecode.swift; path = UIViewAnimations.swift; sourceTree = "<group>"; };
		A3697623201B1B59006CB6C3 /* UILabelWithTimer.swift */ = {isa = PBXFileReference; lastKnownFileType = sourcecode.swift; path = UILabelWithTimer.swift; sourceTree = "<group>"; };
		A3826A0E2023466100879E2C /* Pexeso.xcdatamodel */ = {isa = PBXFileReference; lastKnownFileType = wrapper.xcdatamodel; path = Pexeso.xcdatamodel; sourceTree = "<group>"; };
		A3826A102023498200879E2C /* UserMO.swift */ = {isa = PBXFileReference; lastKnownFileType = sourcecode.swift; path = UserMO.swift; sourceTree = "<group>"; };
		A3826A13202349CA00879E2C /* UserService.swift */ = {isa = PBXFileReference; lastKnownFileType = sourcecode.swift; path = UserService.swift; sourceTree = "<group>"; };
		A3BF9BF5201E906800B5DF48 /* CardSizeCalculator.swift */ = {isa = PBXFileReference; lastKnownFileType = sourcecode.swift; path = CardSizeCalculator.swift; sourceTree = "<group>"; };
		A3EAFD7120207A3400A5C819 /* Settings.bundle */ = {isa = PBXFileReference; lastKnownFileType = "wrapper.plug-in"; name = Settings.bundle; path = "Pexeso/Supporting Files/Settings.bundle"; sourceTree = SOURCE_ROOT; };
		A3ECAD2A200BF5D5003DD911 /* CardCollectionViewCell.swift */ = {isa = PBXFileReference; lastKnownFileType = sourcecode.swift; path = CardCollectionViewCell.swift; sourceTree = "<group>"; };
		A3ED3110201A16A400CDE7AF /* HighScoresVC.swift */ = {isa = PBXFileReference; lastKnownFileType = sourcecode.swift; path = HighScoresVC.swift; sourceTree = "<group>"; };
		A3F86CE6200F5CEB007A496F /* GameVC.swift */ = {isa = PBXFileReference; lastKnownFileType = sourcecode.swift; path = GameVC.swift; sourceTree = "<group>"; };
		A3F86CE8200F5DE9007A496F /* CardCollectionView.swift */ = {isa = PBXFileReference; lastKnownFileType = sourcecode.swift; path = CardCollectionView.swift; sourceTree = "<group>"; };
		A3FB8FC3201F5C340080C6D6 /* Theme.swift */ = {isa = PBXFileReference; lastKnownFileType = sourcecode.swift; path = Theme.swift; sourceTree = "<group>"; };
/* End PBXFileReference section */

/* Begin PBXFrameworksBuildPhase section */
		A333E25F20056FC500E0898E /* Frameworks */ = {
			isa = PBXFrameworksBuildPhase;
			buildActionMask = 2147483647;
			files = (
			);
			runOnlyForDeploymentPostprocessing = 0;
		};
/* End PBXFrameworksBuildPhase section */

/* Begin PBXGroup section */
		A30ABBB7200782E70014F12B /* Supporting Files */ = {
			isa = PBXGroup;
			children = (
				A3EAFD7120207A3400A5C819 /* Settings.bundle */,
				A333E26520056FC500E0898E /* AppDelegate.swift */,
				A333E26C20056FC500E0898E /* Assets.xcassets */,
				A333E26E20056FC500E0898E /* LaunchScreen.storyboard */,
			);
			path = "Supporting Files";
			sourceTree = "<group>";
		};
		A333E25920056FC500E0898E = {
			isa = PBXGroup;
			children = (
				A333E26420056FC500E0898E /* Pexeso */,
				A333E26320056FC500E0898E /* Products */,
			);
			sourceTree = "<group>";
		};
		A333E26320056FC500E0898E /* Products */ = {
			isa = PBXGroup;
			children = (
				A333E26220056FC500E0898E /* Pexeso.app */,
			);
			name = Products;
			sourceTree = "<group>";
		};
		A333E26420056FC500E0898E /* Pexeso */ = {
			isa = PBXGroup;
			children = (
				A30ABBB7200782E70014F12B /* Supporting Files */,
				A3697625201B22D0006CB6C3 /* StartScreen */,
				A3ED3112201A226B00CDE7AF /* GameScreen */,
				A3697622201B1933006CB6C3 /* HighScoresScreen */,
				A333E26920056FC500E0898E /* Main.storyboard */,
				A333E27120056FC500E0898E /* Info.plist */,
				A3826A122023499000879E2C /* CoreData */,
			);
			path = Pexeso;
			sourceTree = "<group>";
		};
		A3697622201B1933006CB6C3 /* HighScoresScreen */ = {
			isa = PBXGroup;
			children = (
				A3ED3110201A16A400CDE7AF /* HighScoresVC.swift */,
				A321EEFB2015458F00CDB1A9 /* Score.swift */,
			);
			path = HighScoresScreen;
			sourceTree = "<group>";
		};
		A3697625201B22D0006CB6C3 /* StartScreen */ = {
			isa = PBXGroup;
			children = (
				A333E27720057B4F00E0898E /* DifficultyVC.swift */,
			);
			path = StartScreen;
			sourceTree = "<group>";
		};
		A3697626201B27D9006CB6C3 /* Model */ = {
			isa = PBXGroup;
			children = (
				A30ABBB3200781320014F12B /* Card.swift */,
			);
			path = Model;
			sourceTree = "<group>";
		};
		A3697627201B2810006CB6C3 /* Controller */ = {
			isa = PBXGroup;
			children = (
				A3F86CE6200F5CEB007A496F /* GameVC.swift */,
				A30ABBB52007820A0014F12B /* PexesoEngine.swift */,
			);
			path = Controller;
			sourceTree = "<group>";
		};
		A3826A122023499000879E2C /* CoreData */ = {
			isa = PBXGroup;
			children = (
				A3826A0D2023466100879E2C /* Pexeso.xcdatamodeld */,
				A3826A102023498200879E2C /* UserMO.swift */,
				A3826A13202349CA00879E2C /* UserService.swift */,
			);
			path = CoreData;
			sourceTree = "<group>";
		};
		A3BEA19E201A59EC009AADAB /* View */ = {
			isa = PBXGroup;
			children = (
				A3F86CE8200F5DE9007A496F /* CardCollectionView.swift */,
				A3ECAD2A200BF5D5003DD911 /* CardCollectionViewCell.swift */,
				A3697623201B1B59006CB6C3 /* UILabelWithTimer.swift */,
				A3421D4F2012A57B0073A16D /* UIViewAnimations.swift */,
				A3BF9BF5201E906800B5DF48 /* CardSizeCalculator.swift */,
				A3FB8FC3201F5C340080C6D6 /* Theme.swift */,
			);
			path = View;
			sourceTree = "<group>";
		};
		A3ED3112201A226B00CDE7AF /* GameScreen */ = {
			isa = PBXGroup;
			children = (
				A3697626201B27D9006CB6C3 /* Model */,
				A3BEA19E201A59EC009AADAB /* View */,
				A3697627201B2810006CB6C3 /* Controller */,
			);
			path = GameScreen;
			sourceTree = "<group>";
		};
/* End PBXGroup section */

/* Begin PBXNativeTarget section */
		A333E26120056FC500E0898E /* Pexeso */ = {
			isa = PBXNativeTarget;
			buildConfigurationList = A333E27420056FC500E0898E /* Build configuration list for PBXNativeTarget "Pexeso" */;
			buildPhases = (
				A333E25E20056FC500E0898E /* Sources */,
				A333E25F20056FC500E0898E /* Frameworks */,
				A333E26020056FC500E0898E /* Resources */,
			);
			buildRules = (
			);
			dependencies = (
			);
			name = Pexeso;
			productName = Pexeso;
			productReference = A333E26220056FC500E0898E /* Pexeso.app */;
			productType = "com.apple.product-type.application";
		};
/* End PBXNativeTarget section */

/* Begin PBXProject section */
		A333E25A20056FC500E0898E /* Project object */ = {
			isa = PBXProject;
			attributes = {
				LastSwiftUpdateCheck = 0920;
				LastUpgradeCheck = 0920;
				ORGANIZATIONNAME = "SoftServe Academy";
				TargetAttributes = {
					A333E26120056FC500E0898E = {
						CreatedOnToolsVersion = 9.2;
						ProvisioningStyle = Automatic;
					};
				};
			};
			buildConfigurationList = A333E25D20056FC500E0898E /* Build configuration list for PBXProject "Pexeso" */;
			compatibilityVersion = "Xcode 8.0";
			developmentRegion = en;
			hasScannedForEncodings = 0;
			knownRegions = (
				en,
				Base,
			);
			mainGroup = A333E25920056FC500E0898E;
			productRefGroup = A333E26320056FC500E0898E /* Products */;
			projectDirPath = "";
			projectRoot = "";
			targets = (
				A333E26120056FC500E0898E /* Pexeso */,
			);
		};
/* End PBXProject section */

/* Begin PBXResourcesBuildPhase section */
		A333E26020056FC500E0898E /* Resources */ = {
			isa = PBXResourcesBuildPhase;
			buildActionMask = 2147483647;
			files = (
				A3EAFD7220207A3400A5C819 /* Settings.bundle in Resources */,
				A333E27020056FC500E0898E /* LaunchScreen.storyboard in Resources */,
				A333E26D20056FC500E0898E /* Assets.xcassets in Resources */,
				A333E26B20056FC500E0898E /* Main.storyboard in Resources */,
			);
			runOnlyForDeploymentPostprocessing = 0;
		};
/* End PBXResourcesBuildPhase section */

/* Begin PBXSourcesBuildPhase section */
		A333E25E20056FC500E0898E /* Sources */ = {
			isa = PBXSourcesBuildPhase;
			buildActionMask = 2147483647;
			files = (
				A3F86CE9200F5DE9007A496F /* CardCollectionView.swift in Sources */,
				A3BF9BF6201E906800B5DF48 /* CardSizeCalculator.swift in Sources */,
				A3421D502012A57B0073A16D /* UIViewAnimations.swift in Sources */,
				A3826A112023498200879E2C /* UserMO.swift in Sources */,
				A3F86CE7200F5CEB007A496F /* GameVC.swift in Sources */,
				A3FB8FC4201F5C340080C6D6 /* Theme.swift in Sources */,
				A321EEFC2015458F00CDB1A9 /* Score.swift in Sources */,
				A30ABBB4200781320014F12B /* Card.swift in Sources */,
				A3826A0F2023466100879E2C /* Pexeso.xcdatamodeld in Sources */,
				A333E27820057B4F00E0898E /* DifficultyVC.swift in Sources */,
				A3ECAD2B200BF5D5003DD911 /* CardCollectionViewCell.swift in Sources */,
				A3697624201B1B59006CB6C3 /* UILabelWithTimer.swift in Sources */,
				A3826A14202349CA00879E2C /* UserService.swift in Sources */,
				A3ED3111201A16A400CDE7AF /* HighScoresVC.swift in Sources */,
				A333E26620056FC500E0898E /* AppDelegate.swift in Sources */,
				A30ABBB62007820A0014F12B /* PexesoEngine.swift in Sources */,
			);
			runOnlyForDeploymentPostprocessing = 0;
		};
/* End PBXSourcesBuildPhase section */

/* Begin PBXVariantGroup section */
		A333E26920056FC500E0898E /* Main.storyboard */ = {
			isa = PBXVariantGroup;
			children = (
				A333E26A20056FC500E0898E /* Base */,
			);
			name = Main.storyboard;
			sourceTree = "<group>";
		};
		A333E26E20056FC500E0898E /* LaunchScreen.storyboard */ = {
			isa = PBXVariantGroup;
			children = (
				A333E26F20056FC500E0898E /* Base */,
			);
			name = LaunchScreen.storyboard;
			sourceTree = "<group>";
		};
/* End PBXVariantGroup section */

/* Begin XCBuildConfiguration section */
		A333E27220056FC500E0898E /* Debug */ = {
			isa = XCBuildConfiguration;
			buildSettings = {
				ALWAYS_SEARCH_USER_PATHS = NO;
				CLANG_ANALYZER_NONNULL = YES;
				CLANG_ANALYZER_NUMBER_OBJECT_CONVERSION = YES_AGGRESSIVE;
				CLANG_CXX_LANGUAGE_STANDARD = "gnu++14";
				CLANG_CXX_LIBRARY = "libc++";
				CLANG_ENABLE_MODULES = YES;
				CLANG_ENABLE_OBJC_ARC = YES;
				CLANG_WARN_BLOCK_CAPTURE_AUTORELEASING = YES;
				CLANG_WARN_BOOL_CONVERSION = YES;
				CLANG_WARN_COMMA = YES;
				CLANG_WARN_CONSTANT_CONVERSION = YES;
				CLANG_WARN_DIRECT_OBJC_ISA_USAGE = YES_ERROR;
				CLANG_WARN_DOCUMENTATION_COMMENTS = YES;
				CLANG_WARN_EMPTY_BODY = YES;
				CLANG_WARN_ENUM_CONVERSION = YES;
				CLANG_WARN_INFINITE_RECURSION = YES;
				CLANG_WARN_INT_CONVERSION = YES;
				CLANG_WARN_NON_LITERAL_NULL_CONVERSION = YES;
				CLANG_WARN_OBJC_LITERAL_CONVERSION = YES;
				CLANG_WARN_OBJC_ROOT_CLASS = YES_ERROR;
				CLANG_WARN_RANGE_LOOP_ANALYSIS = YES;
				CLANG_WARN_STRICT_PROTOTYPES = YES;
				CLANG_WARN_SUSPICIOUS_MOVE = YES;
				CLANG_WARN_UNGUARDED_AVAILABILITY = YES_AGGRESSIVE;
				CLANG_WARN_UNREACHABLE_CODE = YES;
				CLANG_WARN__DUPLICATE_METHOD_MATCH = YES;
				CODE_SIGN_IDENTITY = "iPhone Developer";
				COPY_PHASE_STRIP = NO;
				DEBUG_INFORMATION_FORMAT = dwarf;
				ENABLE_STRICT_OBJC_MSGSEND = YES;
				ENABLE_TESTABILITY = YES;
				GCC_C_LANGUAGE_STANDARD = gnu11;
				GCC_DYNAMIC_NO_PIC = NO;
				GCC_NO_COMMON_BLOCKS = YES;
				GCC_OPTIMIZATION_LEVEL = 0;
				GCC_PREPROCESSOR_DEFINITIONS = (
					"DEBUG=1",
					"$(inherited)",
				);
				GCC_WARN_64_TO_32_BIT_CONVERSION = YES;
				GCC_WARN_ABOUT_RETURN_TYPE = YES_ERROR;
				GCC_WARN_UNDECLARED_SELECTOR = YES;
				GCC_WARN_UNINITIALIZED_AUTOS = YES_AGGRESSIVE;
				GCC_WARN_UNUSED_FUNCTION = YES;
				GCC_WARN_UNUSED_VARIABLE = YES;
				IPHONEOS_DEPLOYMENT_TARGET = 11.2;
				MTL_ENABLE_DEBUG_INFO = YES;
				ONLY_ACTIVE_ARCH = YES;
				SDKROOT = iphoneos;
				SWIFT_ACTIVE_COMPILATION_CONDITIONS = DEBUG;
				SWIFT_OPTIMIZATION_LEVEL = "-Onone";
			};
			name = Debug;
		};
		A333E27320056FC500E0898E /* Release */ = {
			isa = XCBuildConfiguration;
			buildSettings = {
				ALWAYS_SEARCH_USER_PATHS = NO;
				CLANG_ANALYZER_NONNULL = YES;
				CLANG_ANALYZER_NUMBER_OBJECT_CONVERSION = YES_AGGRESSIVE;
				CLANG_CXX_LANGUAGE_STANDARD = "gnu++14";
				CLANG_CXX_LIBRARY = "libc++";
				CLANG_ENABLE_MODULES = YES;
				CLANG_ENABLE_OBJC_ARC = YES;
				CLANG_WARN_BLOCK_CAPTURE_AUTORELEASING = YES;
				CLANG_WARN_BOOL_CONVERSION = YES;
				CLANG_WARN_COMMA = YES;
				CLANG_WARN_CONSTANT_CONVERSION = YES;
				CLANG_WARN_DIRECT_OBJC_ISA_USAGE = YES_ERROR;
				CLANG_WARN_DOCUMENTATION_COMMENTS = YES;
				CLANG_WARN_EMPTY_BODY = YES;
				CLANG_WARN_ENUM_CONVERSION = YES;
				CLANG_WARN_INFINITE_RECURSION = YES;
				CLANG_WARN_INT_CONVERSION = YES;
				CLANG_WARN_NON_LITERAL_NULL_CONVERSION = YES;
				CLANG_WARN_OBJC_LITERAL_CONVERSION = YES;
				CLANG_WARN_OBJC_ROOT_CLASS = YES_ERROR;
				CLANG_WARN_RANGE_LOOP_ANALYSIS = YES;
				CLANG_WARN_STRICT_PROTOTYPES = YES;
				CLANG_WARN_SUSPICIOUS_MOVE = YES;
				CLANG_WARN_UNGUARDED_AVAILABILITY = YES_AGGRESSIVE;
				CLANG_WARN_UNREACHABLE_CODE = YES;
				CLANG_WARN__DUPLICATE_METHOD_MATCH = YES;
				CODE_SIGN_IDENTITY = "iPhone Developer";
				COPY_PHASE_STRIP = NO;
				DEBUG_INFORMATION_FORMAT = "dwarf-with-dsym";
				ENABLE_NS_ASSERTIONS = NO;
				ENABLE_STRICT_OBJC_MSGSEND = YES;
				GCC_C_LANGUAGE_STANDARD = gnu11;
				GCC_NO_COMMON_BLOCKS = YES;
				GCC_WARN_64_TO_32_BIT_CONVERSION = YES;
				GCC_WARN_ABOUT_RETURN_TYPE = YES_ERROR;
				GCC_WARN_UNDECLARED_SELECTOR = YES;
				GCC_WARN_UNINITIALIZED_AUTOS = YES_AGGRESSIVE;
				GCC_WARN_UNUSED_FUNCTION = YES;
				GCC_WARN_UNUSED_VARIABLE = YES;
				IPHONEOS_DEPLOYMENT_TARGET = 11.2;
				MTL_ENABLE_DEBUG_INFO = NO;
				SDKROOT = iphoneos;
				SWIFT_OPTIMIZATION_LEVEL = "-Owholemodule";
				VALIDATE_PRODUCT = YES;
			};
			name = Release;
		};
		A333E27520056FC500E0898E /* Debug */ = {
			isa = XCBuildConfiguration;
			buildSettings = {
				ASSETCATALOG_COMPILER_APPICON_NAME = AppIcon;
				CODE_SIGN_STYLE = Automatic;
				DEVELOPMENT_TEAM = Z4QUG2MZQ5;
				INFOPLIST_FILE = Pexeso/Info.plist;
				LD_RUNPATH_SEARCH_PATHS = "$(inherited) @executable_path/Frameworks";
				PRODUCT_BUNDLE_IDENTIFIER = temarez.academy.softserve.Pexeso;
				PRODUCT_NAME = "$(TARGET_NAME)";
				SWIFT_VERSION = 4.0;
				TARGETED_DEVICE_FAMILY = "1,2";
			};
			name = Debug;
		};
		A333E27620056FC500E0898E /* Release */ = {
			isa = XCBuildConfiguration;
			buildSettings = {
				ASSETCATALOG_COMPILER_APPICON_NAME = AppIcon;
				CODE_SIGN_STYLE = Automatic;
				DEVELOPMENT_TEAM = Z4QUG2MZQ5;
				INFOPLIST_FILE = Pexeso/Info.plist;
				LD_RUNPATH_SEARCH_PATHS = "$(inherited) @executable_path/Frameworks";
				PRODUCT_BUNDLE_IDENTIFIER = temarez.academy.softserve.Pexeso;
				PRODUCT_NAME = "$(TARGET_NAME)";
				SWIFT_VERSION = 4.0;
				TARGETED_DEVICE_FAMILY = "1,2";
			};
			name = Release;
		};
/* End XCBuildConfiguration section */

/* Begin XCConfigurationList section */
		A333E25D20056FC500E0898E /* Build configuration list for PBXProject "Pexeso" */ = {
			isa = XCConfigurationList;
			buildConfigurations = (
				A333E27220056FC500E0898E /* Debug */,
				A333E27320056FC500E0898E /* Release */,
			);
			defaultConfigurationIsVisible = 0;
			defaultConfigurationName = Release;
		};
		A333E27420056FC500E0898E /* Build configuration list for PBXNativeTarget "Pexeso" */ = {
			isa = XCConfigurationList;
			buildConfigurations = (
				A333E27520056FC500E0898E /* Debug */,
				A333E27620056FC500E0898E /* Release */,
			);
			defaultConfigurationIsVisible = 0;
			defaultConfigurationName = Release;
		};
/* End XCConfigurationList section */

/* Begin XCVersionGroup section */
		A3826A0D2023466100879E2C /* Pexeso.xcdatamodeld */ = {
			isa = XCVersionGroup;
			children = (
				A3826A0E2023466100879E2C /* Pexeso.xcdatamodel */,
			);
			currentVersion = A3826A0E2023466100879E2C /* Pexeso.xcdatamodel */;
			path = Pexeso.xcdatamodeld;
			sourceTree = "<group>";
			versionGroupType = wrapper.xcdatamodel;
		};
/* End XCVersionGroup section */
	};
	rootObject = A333E25A20056FC500E0898E /* Project object */;
}
